
Microsoft Visual Studio Solution File, Format Version 12.00
# Visual Studio Version 16
VisualStudioVersion = 16.0.31702.278
MinimumVisualStudioVersion = 10.0.40219.1
Project("{9A19103F-16F7-4668-BE54-9A1E7A4F7556}") = "OARS", "OARS_CS\OARS.csproj", "{29ABEA97-84CA-4FE6-9EA2-50ED7BFF54EF}"
EndProject
Project("{2150E333-8FDC-42A3-9474-1A3956D46DE8}") = "Solution Items", "Solution Items", "{286A0508-C122-4F74-BBE8-DB23B30DF195}"
	ProjectSection(SolutionItems) = preProject
		.editorconfig = .editorconfig
	EndProjectSection
EndProject
Project("{9A19103F-16F7-4668-BE54-9A1E7A4F7556}") = "Examples", "Examples\Examples.csproj", "{2CF9A21D-F1DA-4BB5-AD9A-55E7DE7E7E4B}"
EndProject
Global
	GlobalSection(SolutionConfigurationPlatforms) = preSolution
		Debug|Any CPU = Debug|Any CPU
		Release|Any CPU = Release|Any CPU
	EndGlobalSection
	GlobalSection(ProjectConfigurationPlatforms) = postSolution
		{29ABEA97-84CA-4FE6-9EA2-50ED7BFF54EF}.Debug|Any CPU.ActiveCfg = Debug|Any CPU
		{29ABEA97-84CA-4FE6-9EA2-50ED7BFF54EF}.Debug|Any CPU.Build.0 = Debug|Any CPU
		{29ABEA97-84CA-4FE6-9EA2-50ED7BFF54EF}.Release|Any CPU.ActiveCfg = Release|Any CPU
		{29ABEA97-84CA-4FE6-9EA2-50ED7BFF54EF}.Release|Any CPU.Build.0 = Release|Any CPU
		{2CF9A21D-F1DA-4BB5-AD9A-55E7DE7E7E4B}.Debug|Any CPU.ActiveCfg = Debug|Any CPU
		{2CF9A21D-F1DA-4BB5-AD9A-55E7DE7E7E4B}.Debug|Any CPU.Build.0 = Debug|Any CPU
		{2CF9A21D-F1DA-4BB5-AD9A-55E7DE7E7E4B}.Release|Any CPU.ActiveCfg = Release|Any CPU
		{2CF9A21D-F1DA-4BB5-AD9A-55E7DE7E7E4B}.Release|Any CPU.Build.0 = Release|Any CPU
	EndGlobalSection
	GlobalSection(SolutionProperties) = preSolution
		HideSolutionNode = FALSE
	EndGlobalSection
	GlobalSection(ExtensibilityGlobals) = postSolution
		SolutionGuid = {99465343-ED1B-4FB2-8D86-2A23CAC7589D}
	EndGlobalSection
EndGlobal
